// !$*UTF8*$!
{
	archiveVersion = 1;
	classes = {
	};
	objectVersion = 46;
	objects = {

/* Begin PBXBuildFile section */
		E241B2851A0A87B80056C7D6 /* main.m in Sources */ = {isa = PBXBuildFile; fileRef = E241B2841A0A87B80056C7D6 /* main.m */; };
		E241B2881A0A87B80056C7D6 /* AppDelegate.m in Sources */ = {isa = PBXBuildFile; fileRef = E241B2871A0A87B80056C7D6 /* AppDelegate.m */; };
		E241B28B1A0A87B80056C7D6 /* ViewController.m in Sources */ = {isa = PBXBuildFile; fileRef = E241B28A1A0A87B80056C7D6 /* ViewController.m */; };
		E241B28E1A0A87B80056C7D6 /* Main.storyboard in Resources */ = {isa = PBXBuildFile; fileRef = E241B28C1A0A87B80056C7D6 /* Main.storyboard */; };
		E241B2901A0A87B80056C7D6 /* Images.xcassets in Resources */ = {isa = PBXBuildFile; fileRef = E241B28F1A0A87B80056C7D6 /* Images.xcassets */; };
		E241B2931A0A87B80056C7D6 /* LaunchScreen.xib in Resources */ = {isa = PBXBuildFile; fileRef = E241B2911A0A87B80056C7D6 /* LaunchScreen.xib */; };
		E241B29F1A0A87B90056C7D6 /* Out_of_this_WorldTests.m in Sources */ = {isa = PBXBuildFile; fileRef = E241B29E1A0A87B90056C7D6 /* Out_of_this_WorldTests.m */; };
/* End PBXBuildFile section */

/* Begin PBXContainerItemProxy section */
		E241B2991A0A87B90056C7D6 /* PBXContainerItemProxy */ = {
			isa = PBXContainerItemProxy;
			containerPortal = E241B2771A0A87B80056C7D6 /* Project object */;
			proxyType = 1;
			remoteGlobalIDString = E241B27E1A0A87B80056C7D6;
			remoteInfo = "Out of this World";
		};
/* End PBXContainerItemProxy section */

/* Begin PBXFileReference section */
		E241B27F1A0A87B80056C7D6 /* Out of this World.app */ = {isa = PBXFileReference; explicitFileType = wrapper.application; includeInIndex = 0; path = "Out of this World.app"; sourceTree = BUILT_PRODUCTS_DIR; };
		E241B2831A0A87B80056C7D6 /* Info.plist */ = {isa = PBXFileReference; lastKnownFileType = text.plist.xml; path = Info.plist; sourceTree = "<group>"; };
		E241B2841A0A87B80056C7D6 /* main.m */ = {isa = PBXFileReference; lastKnownFileType = sourcecode.c.objc; path = main.m; sourceTree = "<group>"; };
		E241B2861A0A87B80056C7D6 /* AppDelegate.h */ = {isa = PBXFileReference; lastKnownFileType = sourcecode.c.h; path = AppDelegate.h; sourceTree = "<group>"; };
		E241B2871A0A87B80056C7D6 /* AppDelegate.m */ = {isa = PBXFileReference; lastKnownFileType = sourcecode.c.objc; path = AppDelegate.m; sourceTree = "<group>"; };
		E241B2891A0A87B80056C7D6 /* ViewController.h */ = {isa = PBXFileReference; lastKnownFileType = sourcecode.c.h; path = ViewController.h; sourceTree = "<group>"; };
		E241B28A1A0A87B80056C7D6 /* ViewController.m */ = {isa = PBXFileReference; lastKnownFileType = sourcecode.c.objc; path = ViewController.m; sourceTree = "<group>"; };
		E241B28D1A0A87B80056C7D6 /* Base */ = {isa = PBXFileReference; lastKnownFileType = file.storyboard; name = Base; path = Base.lproj/Main.storyboard; sourceTree = "<group>"; };
		E241B28F1A0A87B80056C7D6 /* Images.xcassets */ = {isa = PBXFileReference; lastKnownFileType = folder.assetcatalog; path = Images.xcassets; sourceTree = "<group>"; };
		E241B2921A0A87B80056C7D6 /* Base */ = {isa = PBXFileReference; lastKnownFileType = file.xib; name = Base; path = Base.lproj/LaunchScreen.xib; sourceTree = "<group>"; };
		E241B2981A0A87B90056C7D6 /* Out of this WorldTests.xctest */ = {isa = PBXFileReference; explicitFileType = wrapper.cfbundle; includeInIndex = 0; path = "Out of this WorldTests.xctest"; sourceTree = BUILT_PRODUCTS_DIR; };
		E241B29D1A0A87B90056C7D6 /* Info.plist */ = {isa = PBXFileReference; lastKnownFileType = text.plist.xml; path = Info.plist; sourceTree = "<group>"; };
		E241B29E1A0A87B90056C7D6 /* Out_of_this_WorldTests.m */ = {isa = PBXFileReference; lastKnownFileType = sourcecode.c.objc; path = Out_of_this_WorldTests.m; sourceTree = "<group>"; };
/* End PBXFileReference section */

/* Begin PBXFrameworksBuildPhase section */
		E241B27C1A0A87B80056C7D6 /* Frameworks */ = {
			isa = PBXFrameworksBuildPhase;
			buildActionMask = 2147483647;
			files = (
			);
			runOnlyForDeploymentPostprocessing = 0;
		};
		E241B2951A0A87B90056C7D6 /* Frameworks */ = {
			isa = PBXFrameworksBuildPhase;
			buildActionMask = 2147483647;
			files = (
			);
			runOnlyForDeploymentPostprocessing = 0;
		};
/* End PBXFrameworksBuildPhase section */

/* Begin PBXGroup section */
		E241B2761A0A87B80056C7D6 = {
			isa = PBXGroup;
			children = (
				E241B2811A0A87B80056C7D6 /* Out of this World */,
				E241B29B1A0A87B90056C7D6 /* Out of this WorldTests */,
				E241B2801A0A87B80056C7D6 /* Products */,
			);
			sourceTree = "<group>";
		};
		E241B2801A0A87B80056C7D6 /* Products */ = {
			isa = PBXGroup;
			children = (
				E241B27F1A0A87B80056C7D6 /* Out of this World.app */,
				E241B2981A0A87B90056C7D6 /* Out of this WorldTests.xctest */,
			);
			name = Products;
			sourceTree = "<group>";
		};
		E241B2811A0A87B80056C7D6 /* Out of this World */ = {
			isa = PBXGroup;
			children = (
				E241B2861A0A87B80056C7D6 /* AppDelegate.h */,
				E241B2871A0A87B80056C7D6 /* AppDelegate.m */,
				E241B2891A0A87B80056C7D6 /* ViewController.h */,
				E241B28A1A0A87B80056C7D6 /* ViewController.m */,
				E241B28C1A0A87B80056C7D6 /* Main.storyboard */,
				E241B28F1A0A87B80056C7D6 /* Images.xcassets */,
				E241B2911A0A87B80056C7D6 /* LaunchScreen.xib */,
				E241B2821A0A87B80056C7D6 /* Supporting Files */,
			);
			path = "Out of this World";
			sourceTree = "<group>";
		};
		E241B2821A0A87B80056C7D6 /* Supporting Files */ = {
			isa = PBXGroup;
			children = (
				E241B2831A0A87B80056C7D6 /* Info.plist */,
				E241B2841A0A87B80056C7D6 /* main.m */,
			);
			name = "Supporting Files";
			sourceTree = "<group>";
		};
		E241B29B1A0A87B90056C7D6 /* Out of this WorldTests */ = {
			isa = PBXGroup;
			children = (
				E241B29E1A0A87B90056C7D6 /* Out_of_this_WorldTests.m */,
				E241B29C1A0A87B90056C7D6 /* Supporting Files */,
			);
			path = "Out of this WorldTests";
			sourceTree = "<group>";
		};
		E241B29C1A0A87B90056C7D6 /* Supporting Files */ = {
			isa = PBXGroup;
			children = (
				E241B29D1A0A87B90056C7D6 /* Info.plist */,
			);
			name = "Supporting Files";
			sourceTree = "<group>";
		};
/* End PBXGroup section */

/* Begin PBXNativeTarget section */
		E241B27E1A0A87B80056C7D6 /* Out of this World */ = {
			isa = PBXNativeTarget;
			buildConfigurationList = E241B2A21A0A87B90056C7D6 /* Build configuration list for PBXNativeTarget "Out of this World" */;
			buildPhases = (
				E241B27B1A0A87B80056C7D6 /* Sources */,
				E241B27C1A0A87B80056C7D6 /* Frameworks */,
				E241B27D1A0A87B80056C7D6 /* Resources */,
			);
			buildRules = (
			);
			dependencies = (
			);
			name = "Out of this World";
			productName = "Out of this World";
			productReference = E241B27F1A0A87B80056C7D6 /* Out of this World.app */;
			productType = "com.apple.product-type.application";
		};
		E241B2971A0A87B90056C7D6 /* Out of this WorldTests */ = {
			isa = PBXNativeTarget;
			buildConfigurationList = E241B2A51A0A87B90056C7D6 /* Build configuration list for PBXNativeTarget "Out of this WorldTests" */;
			buildPhases = (
				E241B2941A0A87B90056C7D6 /* Sources */,
				E241B2951A0A87B90056C7D6 /* Frameworks */,
				E241B2961A0A87B90056C7D6 /* Resources */,
			);
			buildRules = (
			);
			dependencies = (
				E241B29A1A0A87B90056C7D6 /* PBXTargetDependency */,
			);
			name = "Out of this WorldTests";
			productName = "Out of this WorldTests";
			productReference = E241B2981A0A87B90056C7D6 /* Out of this WorldTests.xctest */;
			productType = "com.apple.product-type.bundle.unit-test";
		};
/* End PBXNativeTarget section */

/* Begin PBXProject section */
		E241B2771A0A87B80056C7D6 /* Project object */ = {
			isa = PBXProject;
			attributes = {
				LastUpgradeCheck = 0610;
				ORGANIZATIONNAME = "Bryan Heath";
				TargetAttributes = {
					E241B27E1A0A87B80056C7D6 = {
						CreatedOnToolsVersion = 6.1;
					};
					E241B2971A0A87B90056C7D6 = {
						CreatedOnToolsVersion = 6.1;
						TestTargetID = E241B27E1A0A87B80056C7D6;
					};
				};
			};
			buildConfigurationList = E241B27A1A0A87B80056C7D6 /* Build configuration list for PBXProject "Out of this World" */;
			compatibilityVersion = "Xcode 3.2";
			developmentRegion = English;
			hasScannedForEncodings = 0;
			knownRegions = (
				en,
				Base,
			);
			mainGroup = E241B2761A0A87B80056C7D6;
			productRefGroup = E241B2801A0A87B80056C7D6 /* Products */;
			projectDirPath = "";
			projectRoot = "";
			targets = (
				E241B27E1A0A87B80056C7D6 /* Out of this World */,
				E241B2971A0A87B90056C7D6 /* Out of this WorldTests */,
			);
		};
/* End PBXProject section */

/* Begin PBXResourcesBuildPhase section */
		E241B27D1A0A87B80056C7D6 /* Resources */ = {
			isa = PBXResourcesBuildPhase;
			buildActionMask = 2147483647;
			files = (
				E241B28E1A0A87B80056C7D6 /* Main.storyboard in Resources */,
				E241B2931A0A87B80056C7D6 /* LaunchScreen.xib in Resources */,
				E241B2901A0A87B80056C7D6 /* Images.xcassets in Resources */,
			);
			runOnlyForDeploymentPostprocessing = 0;
		};
		E241B2961A0A87B90056C7D6 /* Resources */ = {
			isa = PBXResourcesBuildPhase;
			buildActionMask = 2147483647;
			files = (
			);
			runOnlyForDeploymentPostprocessing = 0;
		};
/* End PBXResourcesBuildPhase section */

/* Begin PBXSourcesBuildPhase section */
		E241B27B1A0A87B80056C7D6 /* Sources */ = {
			isa = PBXSourcesBuildPhase;
			buildActionMask = 2147483647;
			files = (
				E241B28B1A0A87B80056C7D6 /* ViewController.m in Sources */,
				E241B2881A0A87B80056C7D6 /* AppDelegate.m in Sources */,
				E241B2851A0A87B80056C7D6 /* main.m in Sources */,
			);
			runOnlyForDeploymentPostprocessing = 0;
		};
		E241B2941A0A87B90056C7D6 /* Sources */ = {
			isa = PBXSourcesBuildPhase;
			buildActionMask = 2147483647;
			files = (
				E241B29F1A0A87B90056C7D6 /* Out_of_this_WorldTests.m in Sources */,
			);
			runOnlyForDeploymentPostprocessing = 0;
		};
/* End PBXSourcesBuildPhase section */

/* Begin PBXTargetDependency section */
		E241B29A1A0A87B90056C7D6 /* PBXTargetDependency */ = {
			isa = PBXTargetDependency;
			target = E241B27E1A0A87B80056C7D6 /* Out of this World */;
			targetProxy = E241B2991A0A87B90056C7D6 /* PBXContainerItemProxy */;
		};
/* End PBXTargetDependency section */

/* Begin PBXVariantGroup section */
		E241B28C1A0A87B80056C7D6 /* Main.storyboard */ = {
			isa = PBXVariantGroup;
			children = (
				E241B28D1A0A87B80056C7D6 /* Base */,
			);
			name = Main.storyboard;
			sourceTree = "<group>";
		};
		E241B2911A0A87B80056C7D6 /* LaunchScreen.xib */ = {
			isa = PBXVariantGroup;
			children = (
				E241B2921A0A87B80056C7D6 /* Base */,
			);
			name = LaunchScreen.xib;
			sourceTree = "<group>";
		};
/* End PBXVariantGroup section */

/* Begin XCBuildConfiguration section */
		E241B2A01A0A87B90056C7D6 /* Debug */ = {
			isa = XCBuildConfiguration;
			buildSettings = {
				ALWAYS_SEARCH_USER_PATHS = NO;
				CLANG_CXX_LANGUAGE_STANDARD = "gnu++0x";
				CLANG_CXX_LIBRARY = "libc++";
				CLANG_ENABLE_MODULES = YES;
				CLANG_ENABLE_OBJC_ARC = YES;
				CLANG_WARN_BOOL_CONVERSION = YES;
				CLANG_WARN_CONSTANT_CONVERSION = YES;
				CLANG_WARN_DIRECT_OBJC_ISA_USAGE = YES_ERROR;
				CLANG_WARN_EMPTY_BODY = YES;
				CLANG_WARN_ENUM_CONVERSION = YES;
				CLANG_WARN_INT_CONVERSION = YES;
				CLANG_WARN_OBJC_ROOT_CLASS = YES_ERROR;
				CLANG_WARN_UNREACHABLE_CODE = YES;
				CLANG_WARN__DUPLICATE_METHOD_MATCH = YES;
				"CODE_SIGN_IDENTITY[sdk=iphoneos*]" = "iPhone Developer";
				COPY_PHASE_STRIP = NO;
				ENABLE_STRICT_OBJC_MSGSEND = YES;
				GCC_C_LANGUAGE_STANDARD = gnu99;
				GCC_DYNAMIC_NO_PIC = NO;
				GCC_OPTIMIZATION_LEVEL = 0;
				GCC_PREPROCESSOR_DEFINITIONS = (
					"DEBUG=1",
					"$(inherited)",
				);
				GCC_SYMBOLS_PRIVATE_EXTERN = NO;
				GCC_WARN_64_TO_32_BIT_CONVERSION = YES;
				GCC_WARN_ABOUT_RETURN_TYPE = YES_ERROR;
				GCC_WARN_UNDECLARED_SELECTOR = YES;
				GCC_WARN_UNINITIALIZED_AUTOS = YES_AGGRESSIVE;
				GCC_WARN_UNUSED_FUNCTION = YES;
				GCC_WARN_UNUSED_VARIABLE = YES;
				IPHONEOS_DEPLOYMENT_TARGET = 8.1;
				MTL_ENABLE_DEBUG_INFO = YES;
				ONLY_ACTIVE_ARCH = YES;
				SDKROOT = iphoneos;
			};
			name = Debug;
		};
		E241B2A11A0A87B90056C7D6 /* Release */ = {
			isa = XCBuildConfiguration;
			buildSettings = {
				ALWAYS_SEARCH_USER_PATHS = NO;
				CLANG_CXX_LANGUAGE_STANDARD = "gnu++0x";
				CLANG_CXX_LIBRARY = "libc++";
				CLANG_ENABLE_MODULES = YES;
				CLANG_ENABLE_OBJC_ARC = YES;
				CLANG_WARN_BOOL_CONVERSION = YES;
				CLANG_WARN_CONSTANT_CONVERSION = YES;
				CLANG_WARN_DIRECT_OBJC_ISA_USAGE = YES_ERROR;
				CLANG_WARN_EMPTY_BODY = YES;
				CLANG_WARN_ENUM_CONVERSION = YES;
				CLANG_WARN_INT_CONVERSION = YES;
				CLANG_WARN_OBJC_ROOT_CLASS = YES_ERROR;
				CLANG_WARN_UNREACHABLE_CODE = YES;
				CLANG_WARN__DUPLICATE_METHOD_MATCH = YES;
				"CODE_SIGN_IDENTITY[sdk=iphoneos*]" = "iPhone Developer";
				COPY_PHASE_STRIP = YES;
				ENABLE_NS_ASSERTIONS = NO;
				ENABLE_STRICT_OBJC_MSGSEND = YES;
				GCC_C_LANGUAGE_STANDARD = gnu99;
				GCC_WARN_64_TO_32_BIT_CONVERSION = YES;
				GCC_WARN_ABOUT_RETURN_TYPE = YES_ERROR;
				GCC_WARN_UNDECLARED_SELECTOR = YES;
				GCC_WARN_UNINITIALIZED_AUTOS = YES_AGGRESSIVE;
				GCC_WARN_UNUSED_FUNCTION = YES;
				GCC_WARN_UNUSED_VARIABLE = YES;
				IPHONEOS_DEPLOYMENT_TARGET = 8.1;
				MTL_ENABLE_DEBUG_INFO = NO;
				SDKROOT = iphoneos;
				VALIDATE_PRODUCT = YES;
			};
			name = Release;
		};
		E241B2A31A0A87B90056C7D6 /* Debug */ = {
			isa = XCBuildConfiguration;
			buildSettings = {
				ASSETCATALOG_COMPILER_APPICON_NAME = AppIcon;
				INFOPLIST_FILE = "Out of this World/Info.plist";
				LD_RUNPATH_SEARCH_PATHS = "$(inherited) @executable_path/Frameworks";
				PRODUCT_NAME = "$(TARGET_NAME)";
			};
			name = Debug;
		};
		E241B2A41A0A87B90056C7D6 /* Release */ = {
			isa = XCBuildConfiguration;
			buildSettings = {
				ASSETCATALOG_COMPILER_APPICON_NAME = AppIcon;
				INFOPLIST_FILE = "Out of this World/Info.plist";
				LD_RUNPATH_SEARCH_PATHS = "$(inherited) @executable_path/Frameworks";
				PRODUCT_NAME = "$(TARGET_NAME)";
			};
			name = Release;
		};
		E241B2A61A0A87B90056C7D6 /* Debug */ = {
			isa = XCBuildConfiguration;
			buildSettings = {
				BUNDLE_LOADER = "$(TEST_HOST)";
				FRAMEWORK_SEARCH_PATHS = (
					"$(SDKROOT)/Developer/Library/Frameworks",
					"$(inherited)",
				);
				GCC_PREPROCESSOR_DEFINITIONS = (
					"DEBUG=1",
					"$(inherited)",
				);
				INFOPLIST_FILE = "Out of this WorldTests/Info.plist";
				LD_RUNPATH_SEARCH_PATHS = "$(inherited) @executable_path/Frameworks @loader_path/Frameworks";
				PRODUCT_NAME = "$(TARGET_NAME)";
				TEST_HOST = "$(BUILT_PRODUCTS_DIR)/Out of this World.app/Out of this World";
			};
			name = Debug;
		};
		E241B2A71A0A87B90056C7D6 /* Release */ = {
			isa = XCBuildConfiguration;
			buildSettings = {
				BUNDLE_LOADER = "$(TEST_HOST)";
				FRAMEWORK_SEARCH_PATHS = (
					"$(SDKROOT)/Developer/Library/Frameworks",
					"$(inherited)",
				);
				INFOPLIST_FILE = "Out of this WorldTests/Info.plist";
				LD_RUNPATH_SEARCH_PATHS = "$(inherited) @executable_path/Frameworks @loader_path/Frameworks";
				PRODUCT_NAME = "$(TARGET_NAME)";
				TEST_HOST = "$(BUILT_PRODUCTS_DIR)/Out of this World.app/Out of this World";
			};
			name = Release;
		};
/* End XCBuildConfiguration section */

/* Begin XCConfigurationList section */
		E241B27A1A0A87B80056C7D6 /* Build configuration list for PBXProject "Out of this World" */ = {
			isa = XCConfigurationList;
			buildConfigurations = (
				E241B2A01A0A87B90056C7D6 /* Debug */,
				E241B2A11A0A87B90056C7D6 /* Release */,
			);
			defaultConfigurationIsVisible = 0;
			defaultConfigurationName = Release;
		};
		E241B2A21A0A87B90056C7D6 /* Build configuration list for PBXNativeTarget "Out of this World" */ = {
			isa = XCConfigurationList;
			buildConfigurations = (
				E241B2A31A0A87B90056C7D6 /* Debug */,
				E241B2A41A0A87B90056C7D6 /* Release */,
			);
			defaultConfigurationIsVisible = 0;
		};
		E241B2A51A0A87B90056C7D6 /* Build configuration list for PBXNativeTarget "Out of this WorldTests" */ = {
			isa = XCConfigurationList;
			buildConfigurations = (
				E241B2A61A0A87B90056C7D6 /* Debug */,
				E241B2A71A0A87B90056C7D6 /* Release */,
			);
			defaultConfigurationIsVisible = 0;
		};
/* End XCConfigurationList section */
	};
	rootObject = E241B2771A0A87B80056C7D6 /* Project object */;
}
